// !$*UTF8*$!
{
	archiveVersion = 1;
	classes = {
	};
	objectVersion = 56;
	objects = {

/* Begin PBXBuildFile section */
		A2DB99E529C73E7E007215BB /* KeyValueStoreApp.swift in Sources */ = {isa = PBXBuildFile; fileRef = A2DB99E429C73E7E007215BB /* KeyValueStoreApp.swift */; };
		A2DB99E729C73E7E007215BB /* ContentView.swift in Sources */ = {isa = PBXBuildFile; fileRef = A2DB99E629C73E7E007215BB /* ContentView.swift */; };
		A2DB99E929C73E7F007215BB /* Assets.xcassets in Resources */ = {isa = PBXBuildFile; fileRef = A2DB99E829C73E7F007215BB /* Assets.xcassets */; };
		A2DB99ED29C73E7F007215BB /* Preview Assets.xcassets in Resources */ = {isa = PBXBuildFile; fileRef = A2DB99EC29C73E7F007215BB /* Preview Assets.xcassets */; };
		A2DB99F729C73E80007215BB /* KeyValueStoreTests.swift in Sources */ = {isa = PBXBuildFile; fileRef = A2DB99F629C73E80007215BB /* KeyValueStoreTests.swift */; };
		A2DB9A0129C73E80007215BB /* KeyValueStoreUITests.swift in Sources */ = {isa = PBXBuildFile; fileRef = A2DB9A0029C73E80007215BB /* KeyValueStoreUITests.swift */; };
		A2DB9A0329C73E80007215BB /* KeyValueStoreUITestsLaunchTests.swift in Sources */ = {isa = PBXBuildFile; fileRef = A2DB9A0229C73E80007215BB /* KeyValueStoreUITestsLaunchTests.swift */; };
		A2DB9A2729CCC47E007215BB /* KeyValueStore.swift in Sources */ = {isa = PBXBuildFile; fileRef = A2DB9A2629CCC47E007215BB /* KeyValueStore.swift */; };
		A2DB9A2929CCC49F007215BB /* KeyValueStoreView.swift in Sources */ = {isa = PBXBuildFile; fileRef = A2DB9A2829CCC49F007215BB /* KeyValueStoreView.swift */; };
		A2DB9A2B29CCC8D7007215BB /* KeyValueStoreProtocol.swift in Sources */ = {isa = PBXBuildFile; fileRef = A2DB9A2A29CCC8D7007215BB /* KeyValueStoreProtocol.swift */; };
		A2DB9A2D29CCC92A007215BB /* CommandProcessor.swift in Sources */ = {isa = PBXBuildFile; fileRef = A2DB9A2C29CCC92A007215BB /* CommandProcessor.swift */; };
		A2DB9A2F29CCCFAF007215BB /* KeyValueStoreViewModel.swift in Sources */ = {isa = PBXBuildFile; fileRef = A2DB9A2E29CCCFAF007215BB /* KeyValueStoreViewModel.swift */; };
		A2DB9A3129CCD85A007215BB /* Command.swift in Sources */ = {isa = PBXBuildFile; fileRef = A2DB9A3029CCD85A007215BB /* Command.swift */; };
		A2DB9A3529CDBE00007215BB /* ErrorHandler.swift in Sources */ = {isa = PBXBuildFile; fileRef = A2DB9A3429CDBE00007215BB /* ErrorHandler.swift */; };
		A2DB9A3729CF5AC9007215BB /* CommandProcessorTests.swift in Sources */ = {isa = PBXBuildFile; fileRef = A2DB9A3629CF5AC9007215BB /* CommandProcessorTests.swift */; };
/* End PBXBuildFile section */

/* Begin PBXContainerItemProxy section */
		A2DB99F329C73E80007215BB /* PBXContainerItemProxy */ = {
			isa = PBXContainerItemProxy;
			containerPortal = A2DB99D929C73E7E007215BB /* Project object */;
			proxyType = 1;
			remoteGlobalIDString = A2DB99E029C73E7E007215BB;
			remoteInfo = KeyValueStore;
		};
		A2DB99FD29C73E80007215BB /* PBXContainerItemProxy */ = {
			isa = PBXContainerItemProxy;
			containerPortal = A2DB99D929C73E7E007215BB /* Project object */;
			proxyType = 1;
			remoteGlobalIDString = A2DB99E029C73E7E007215BB;
			remoteInfo = KeyValueStore;
		};
/* End PBXContainerItemProxy section */

/* Begin PBXFileReference section */
		A2DB99E129C73E7E007215BB /* KeyValueStore.app */ = {isa = PBXFileReference; explicitFileType = wrapper.application; includeInIndex = 0; path = KeyValueStore.app; sourceTree = BUILT_PRODUCTS_DIR; };
		A2DB99E429C73E7E007215BB /* KeyValueStoreApp.swift */ = {isa = PBXFileReference; lastKnownFileType = sourcecode.swift; path = KeyValueStoreApp.swift; sourceTree = "<group>"; };
		A2DB99E629C73E7E007215BB /* ContentView.swift */ = {isa = PBXFileReference; lastKnownFileType = sourcecode.swift; path = ContentView.swift; sourceTree = "<group>"; };
		A2DB99E829C73E7F007215BB /* Assets.xcassets */ = {isa = PBXFileReference; lastKnownFileType = folder.assetcatalog; path = Assets.xcassets; sourceTree = "<group>"; };
		A2DB99EA29C73E7F007215BB /* KeyValueStore.entitlements */ = {isa = PBXFileReference; lastKnownFileType = text.plist.entitlements; path = KeyValueStore.entitlements; sourceTree = "<group>"; };
		A2DB99EC29C73E7F007215BB /* Preview Assets.xcassets */ = {isa = PBXFileReference; lastKnownFileType = folder.assetcatalog; path = "Preview Assets.xcassets"; sourceTree = "<group>"; };
		A2DB99F229C73E80007215BB /* KeyValueStoreTests.xctest */ = {isa = PBXFileReference; explicitFileType = wrapper.cfbundle; includeInIndex = 0; path = KeyValueStoreTests.xctest; sourceTree = BUILT_PRODUCTS_DIR; };
		A2DB99F629C73E80007215BB /* KeyValueStoreTests.swift */ = {isa = PBXFileReference; lastKnownFileType = sourcecode.swift; path = KeyValueStoreTests.swift; sourceTree = "<group>"; };
		A2DB99FC29C73E80007215BB /* KeyValueStoreUITests.xctest */ = {isa = PBXFileReference; explicitFileType = wrapper.cfbundle; includeInIndex = 0; path = KeyValueStoreUITests.xctest; sourceTree = BUILT_PRODUCTS_DIR; };
		A2DB9A0029C73E80007215BB /* KeyValueStoreUITests.swift */ = {isa = PBXFileReference; lastKnownFileType = sourcecode.swift; path = KeyValueStoreUITests.swift; sourceTree = "<group>"; };
		A2DB9A0229C73E80007215BB /* KeyValueStoreUITestsLaunchTests.swift */ = {isa = PBXFileReference; lastKnownFileType = sourcecode.swift; path = KeyValueStoreUITestsLaunchTests.swift; sourceTree = "<group>"; };
		A2DB9A2629CCC47E007215BB /* KeyValueStore.swift */ = {isa = PBXFileReference; lastKnownFileType = sourcecode.swift; path = KeyValueStore.swift; sourceTree = "<group>"; };
		A2DB9A2829CCC49F007215BB /* KeyValueStoreView.swift */ = {isa = PBXFileReference; lastKnownFileType = sourcecode.swift; path = KeyValueStoreView.swift; sourceTree = "<group>"; };
		A2DB9A2A29CCC8D7007215BB /* KeyValueStoreProtocol.swift */ = {isa = PBXFileReference; lastKnownFileType = sourcecode.swift; path = KeyValueStoreProtocol.swift; sourceTree = "<group>"; };
		A2DB9A2C29CCC92A007215BB /* CommandProcessor.swift */ = {isa = PBXFileReference; lastKnownFileType = sourcecode.swift; path = CommandProcessor.swift; sourceTree = "<group>"; };
		A2DB9A2E29CCCFAF007215BB /* KeyValueStoreViewModel.swift */ = {isa = PBXFileReference; lastKnownFileType = sourcecode.swift; path = KeyValueStoreViewModel.swift; sourceTree = "<group>"; };
		A2DB9A3029CCD85A007215BB /* Command.swift */ = {isa = PBXFileReference; lastKnownFileType = sourcecode.swift; path = Command.swift; sourceTree = "<group>"; };
		A2DB9A3429CDBE00007215BB /* ErrorHandler.swift */ = {isa = PBXFileReference; lastKnownFileType = sourcecode.swift; path = ErrorHandler.swift; sourceTree = "<group>"; };
		A2DB9A3629CF5AC9007215BB /* CommandProcessorTests.swift */ = {isa = PBXFileReference; lastKnownFileType = sourcecode.swift; path = CommandProcessorTests.swift; sourceTree = "<group>"; };
/* End PBXFileReference section */

/* Begin PBXFrameworksBuildPhase section */
		A2DB99DE29C73E7E007215BB /* Frameworks */ = {
			isa = PBXFrameworksBuildPhase;
			buildActionMask = 2147483647;
			files = (
			);
			runOnlyForDeploymentPostprocessing = 0;
		};
		A2DB99EF29C73E80007215BB /* Frameworks */ = {
			isa = PBXFrameworksBuildPhase;
			buildActionMask = 2147483647;
			files = (
			);
			runOnlyForDeploymentPostprocessing = 0;
		};
		A2DB99F929C73E80007215BB /* Frameworks */ = {
			isa = PBXFrameworksBuildPhase;
			buildActionMask = 2147483647;
			files = (
			);
			runOnlyForDeploymentPostprocessing = 0;
		};
/* End PBXFrameworksBuildPhase section */

/* Begin PBXGroup section */
		A2DB99D829C73E7E007215BB = {
			isa = PBXGroup;
			children = (
				A2DB99E329C73E7E007215BB /* KeyValueStore */,
				A2DB99F529C73E80007215BB /* KeyValueStoreTests */,
				A2DB99FF29C73E80007215BB /* KeyValueStoreUITests */,
				A2DB99E229C73E7E007215BB /* Products */,
			);
			sourceTree = "<group>";
		};
		A2DB99E229C73E7E007215BB /* Products */ = {
			isa = PBXGroup;
			children = (
				A2DB99E129C73E7E007215BB /* KeyValueStore.app */,
				A2DB99F229C73E80007215BB /* KeyValueStoreTests.xctest */,
				A2DB99FC29C73E80007215BB /* KeyValueStoreUITests.xctest */,
			);
			name = Products;
			sourceTree = "<group>";
		};
		A2DB99E329C73E7E007215BB /* KeyValueStore */ = {
			isa = PBXGroup;
			children = (
				A2DB9A3829CF5B89007215BB /* Model */,
				A2DB9A3929CF5B8F007215BB /* View */,
				A2DB9A3B29CF5BFB007215BB /* ViewModel */,
				A2DB9A3A29CF5BCD007215BB /* Protocols */,
				A2DB99E829C73E7F007215BB /* Assets.xcassets */,
				A2DB99EA29C73E7F007215BB /* KeyValueStore.entitlements */,
				A2DB99EB29C73E7F007215BB /* Preview Content */,
			);
			path = KeyValueStore;
			sourceTree = "<group>";
		};
		A2DB99EB29C73E7F007215BB /* Preview Content */ = {
			isa = PBXGroup;
			children = (
				A2DB99EC29C73E7F007215BB /* Preview Assets.xcassets */,
			);
			path = "Preview Content";
			sourceTree = "<group>";
		};
		A2DB99F529C73E80007215BB /* KeyValueStoreTests */ = {
			isa = PBXGroup;
			children = (
				A2DB99F629C73E80007215BB /* KeyValueStoreTests.swift */,
				A2DB9A3629CF5AC9007215BB /* CommandProcessorTests.swift */,
			);
			path = KeyValueStoreTests;
			sourceTree = "<group>";
		};
		A2DB99FF29C73E80007215BB /* KeyValueStoreUITests */ = {
			isa = PBXGroup;
			children = (
				A2DB9A0029C73E80007215BB /* KeyValueStoreUITests.swift */,
				A2DB9A0229C73E80007215BB /* KeyValueStoreUITestsLaunchTests.swift */,
			);
			path = KeyValueStoreUITests;
			sourceTree = "<group>";
		};
		A2DB9A3829CF5B89007215BB /* Model */ = {
			isa = PBXGroup;
			children = (
				A2DB9A2629CCC47E007215BB /* KeyValueStore.swift */,
				A2DB9A2C29CCC92A007215BB /* CommandProcessor.swift */,
				A2DB9A3429CDBE00007215BB /* ErrorHandler.swift */,
				A2DB9A3029CCD85A007215BB /* Command.swift */,
			);
			path = Model;
			sourceTree = "<group>";
		};
		A2DB9A3929CF5B8F007215BB /* View */ = {
			isa = PBXGroup;
			children = (
				A2DB9A2829CCC49F007215BB /* KeyValueStoreView.swift */,
				A2DB99E429C73E7E007215BB /* KeyValueStoreApp.swift */,
				A2DB99E629C73E7E007215BB /* ContentView.swift */,
			);
			path = View;
			sourceTree = "<group>";
		};
		A2DB9A3A29CF5BCD007215BB /* Protocols */ = {
			isa = PBXGroup;
			children = (
				A2DB9A2A29CCC8D7007215BB /* KeyValueStoreProtocol.swift */,
			);
			path = Protocols;
			sourceTree = "<group>";
		};
		A2DB9A3B29CF5BFB007215BB /* ViewModel */ = {
			isa = PBXGroup;
			children = (
				A2DB9A2E29CCCFAF007215BB /* KeyValueStoreViewModel.swift */,
			);
			path = ViewModel;
			sourceTree = "<group>";
		};
/* End PBXGroup section */

/* Begin PBXNativeTarget section */
		A2DB99E029C73E7E007215BB /* KeyValueStore */ = {
			isa = PBXNativeTarget;
			buildConfigurationList = A2DB9A0629C73E80007215BB /* Build configuration list for PBXNativeTarget "KeyValueStore" */;
			buildPhases = (
				A2DB99DD29C73E7E007215BB /* Sources */,
				A2DB99DE29C73E7E007215BB /* Frameworks */,
				A2DB99DF29C73E7E007215BB /* Resources */,
			);
			buildRules = (
			);
			dependencies = (
			);
			name = KeyValueStore;
			productName = KeyValueStore;
			productReference = A2DB99E129C73E7E007215BB /* KeyValueStore.app */;
			productType = "com.apple.product-type.application";
		};
		A2DB99F129C73E80007215BB /* KeyValueStoreTests */ = {
			isa = PBXNativeTarget;
			buildConfigurationList = A2DB9A0929C73E80007215BB /* Build configuration list for PBXNativeTarget "KeyValueStoreTests" */;
			buildPhases = (
				A2DB99EE29C73E80007215BB /* Sources */,
				A2DB99EF29C73E80007215BB /* Frameworks */,
				A2DB99F029C73E80007215BB /* Resources */,
			);
			buildRules = (
			);
			dependencies = (
				A2DB99F429C73E80007215BB /* PBXTargetDependency */,
			);
			name = KeyValueStoreTests;
			productName = KeyValueStoreTests;
			productReference = A2DB99F229C73E80007215BB /* KeyValueStoreTests.xctest */;
			productType = "com.apple.product-type.bundle.unit-test";
		};
		A2DB99FB29C73E80007215BB /* KeyValueStoreUITests */ = {
			isa = PBXNativeTarget;
			buildConfigurationList = A2DB9A0C29C73E80007215BB /* Build configuration list for PBXNativeTarget "KeyValueStoreUITests" */;
			buildPhases = (
				A2DB99F829C73E80007215BB /* Sources */,
				A2DB99F929C73E80007215BB /* Frameworks */,
				A2DB99FA29C73E80007215BB /* Resources */,
			);
			buildRules = (
			);
			dependencies = (
				A2DB99FE29C73E80007215BB /* PBXTargetDependency */,
			);
			name = KeyValueStoreUITests;
			productName = KeyValueStoreUITests;
			productReference = A2DB99FC29C73E80007215BB /* KeyValueStoreUITests.xctest */;
			productType = "com.apple.product-type.bundle.ui-testing";
		};
/* End PBXNativeTarget section */

/* Begin PBXProject section */
		A2DB99D929C73E7E007215BB /* Project object */ = {
			isa = PBXProject;
			attributes = {
				BuildIndependentTargetsInParallel = 1;
				LastSwiftUpdateCheck = 1420;
				LastUpgradeCheck = 1420;
				TargetAttributes = {
					A2DB99E029C73E7E007215BB = {
						CreatedOnToolsVersion = 14.2;
					};
					A2DB99F129C73E80007215BB = {
						CreatedOnToolsVersion = 14.2;
						TestTargetID = A2DB99E029C73E7E007215BB;
					};
					A2DB99FB29C73E80007215BB = {
						CreatedOnToolsVersion = 14.2;
						TestTargetID = A2DB99E029C73E7E007215BB;
					};
				};
			};
			buildConfigurationList = A2DB99DC29C73E7E007215BB /* Build configuration list for PBXProject "KeyValueStore" */;
			compatibilityVersion = "Xcode 14.0";
			developmentRegion = en;
			hasScannedForEncodings = 0;
			knownRegions = (
				en,
				Base,
			);
			mainGroup = A2DB99D829C73E7E007215BB;
			productRefGroup = A2DB99E229C73E7E007215BB /* Products */;
			projectDirPath = "";
			projectRoot = "";
			targets = (
				A2DB99E029C73E7E007215BB /* KeyValueStore */,
				A2DB99F129C73E80007215BB /* KeyValueStoreTests */,
				A2DB99FB29C73E80007215BB /* KeyValueStoreUITests */,
			);
		};
/* End PBXProject section */

/* Begin PBXResourcesBuildPhase section */
		A2DB99DF29C73E7E007215BB /* Resources */ = {
			isa = PBXResourcesBuildPhase;
			buildActionMask = 2147483647;
			files = (
				A2DB99ED29C73E7F007215BB /* Preview Assets.xcassets in Resources */,
				A2DB99E929C73E7F007215BB /* Assets.xcassets in Resources */,
			);
			runOnlyForDeploymentPostprocessing = 0;
		};
		A2DB99F029C73E80007215BB /* Resources */ = {
			isa = PBXResourcesBuildPhase;
			buildActionMask = 2147483647;
			files = (
			);
			runOnlyForDeploymentPostprocessing = 0;
		};
		A2DB99FA29C73E80007215BB /* Resources */ = {
			isa = PBXResourcesBuildPhase;
			buildActionMask = 2147483647;
			files = (
			);
			runOnlyForDeploymentPostprocessing = 0;
		};
/* End PBXResourcesBuildPhase section */

/* Begin PBXSourcesBuildPhase section */
		A2DB99DD29C73E7E007215BB /* Sources */ = {
			isa = PBXSourcesBuildPhase;
			buildActionMask = 2147483647;
			files = (
				A2DB9A2F29CCCFAF007215BB /* KeyValueStoreViewModel.swift in Sources */,
				A2DB9A2929CCC49F007215BB /* KeyValueStoreView.swift in Sources */,
				A2DB99E729C73E7E007215BB /* ContentView.swift in Sources */,
				A2DB99E529C73E7E007215BB /* KeyValueStoreApp.swift in Sources */,
				A2DB9A2729CCC47E007215BB /* KeyValueStore.swift in Sources */,
				A2DB9A2D29CCC92A007215BB /* CommandProcessor.swift in Sources */,
				A2DB9A3529CDBE00007215BB /* ErrorHandler.swift in Sources */,
				A2DB9A2B29CCC8D7007215BB /* KeyValueStoreProtocol.swift in Sources */,
				A2DB9A3129CCD85A007215BB /* Command.swift in Sources */,
			);
			runOnlyForDeploymentPostprocessing = 0;
		};
		A2DB99EE29C73E80007215BB /* Sources */ = {
			isa = PBXSourcesBuildPhase;
			buildActionMask = 2147483647;
			files = (
				A2DB9A3729CF5AC9007215BB /* CommandProcessorTests.swift in Sources */,
				A2DB99F729C73E80007215BB /* KeyValueStoreTests.swift in Sources */,
			);
			runOnlyForDeploymentPostprocessing = 0;
		};
		A2DB99F829C73E80007215BB /* Sources */ = {
			isa = PBXSourcesBuildPhase;
			buildActionMask = 2147483647;
			files = (
				A2DB9A0329C73E80007215BB /* KeyValueStoreUITestsLaunchTests.swift in Sources */,
				A2DB9A0129C73E80007215BB /* KeyValueStoreUITests.swift in Sources */,
			);
			runOnlyForDeploymentPostprocessing = 0;
		};
/* End PBXSourcesBuildPhase section */

/* Begin PBXTargetDependency section */
		A2DB99F429C73E80007215BB /* PBXTargetDependency */ = {
			isa = PBXTargetDependency;
			target = A2DB99E029C73E7E007215BB /* KeyValueStore */;
			targetProxy = A2DB99F329C73E80007215BB /* PBXContainerItemProxy */;
		};
		A2DB99FE29C73E80007215BB /* PBXTargetDependency */ = {
			isa = PBXTargetDependency;
			target = A2DB99E029C73E7E007215BB /* KeyValueStore */;
			targetProxy = A2DB99FD29C73E80007215BB /* PBXContainerItemProxy */;
		};
/* End PBXTargetDependency section */

/* Begin XCBuildConfiguration section */
		A2DB9A0429C73E80007215BB /* Debug */ = {
			isa = XCBuildConfiguration;
			buildSettings = {
				ALWAYS_SEARCH_USER_PATHS = NO;
				CLANG_ANALYZER_NONNULL = YES;
				CLANG_ANALYZER_NUMBER_OBJECT_CONVERSION = YES_AGGRESSIVE;
				CLANG_CXX_LANGUAGE_STANDARD = "gnu++20";
				CLANG_ENABLE_MODULES = YES;
				CLANG_ENABLE_OBJC_ARC = YES;
				CLANG_ENABLE_OBJC_WEAK = YES;
				CLANG_WARN_BLOCK_CAPTURE_AUTORELEASING = YES;
				CLANG_WARN_BOOL_CONVERSION = YES;
				CLANG_WARN_COMMA = YES;
				CLANG_WARN_CONSTANT_CONVERSION = YES;
				CLANG_WARN_DEPRECATED_OBJC_IMPLEMENTATIONS = YES;
				CLANG_WARN_DIRECT_OBJC_ISA_USAGE = YES_ERROR;
				CLANG_WARN_DOCUMENTATION_COMMENTS = YES;
				CLANG_WARN_EMPTY_BODY = YES;
				CLANG_WARN_ENUM_CONVERSION = YES;
				CLANG_WARN_INFINITE_RECURSION = YES;
				CLANG_WARN_INT_CONVERSION = YES;
				CLANG_WARN_NON_LITERAL_NULL_CONVERSION = YES;
				CLANG_WARN_OBJC_IMPLICIT_RETAIN_SELF = YES;
				CLANG_WARN_OBJC_LITERAL_CONVERSION = YES;
				CLANG_WARN_OBJC_ROOT_CLASS = YES_ERROR;
				CLANG_WARN_QUOTED_INCLUDE_IN_FRAMEWORK_HEADER = YES;
				CLANG_WARN_RANGE_LOOP_ANALYSIS = YES;
				CLANG_WARN_STRICT_PROTOTYPES = YES;
				CLANG_WARN_SUSPICIOUS_MOVE = YES;
				CLANG_WARN_UNGUARDED_AVAILABILITY = YES_AGGRESSIVE;
				CLANG_WARN_UNREACHABLE_CODE = YES;
				CLANG_WARN__DUPLICATE_METHOD_MATCH = YES;
				COPY_PHASE_STRIP = NO;
				DEBUG_INFORMATION_FORMAT = dwarf;
				ENABLE_STRICT_OBJC_MSGSEND = YES;
				ENABLE_TESTABILITY = YES;
				GCC_C_LANGUAGE_STANDARD = gnu11;
				GCC_DYNAMIC_NO_PIC = NO;
				GCC_NO_COMMON_BLOCKS = YES;
				GCC_OPTIMIZATION_LEVEL = 0;
				GCC_PREPROCESSOR_DEFINITIONS = (
					"DEBUG=1",
					"$(inherited)",
				);
				GCC_WARN_64_TO_32_BIT_CONVERSION = YES;
				GCC_WARN_ABOUT_RETURN_TYPE = YES_ERROR;
				GCC_WARN_UNDECLARED_SELECTOR = YES;
				GCC_WARN_UNINITIALIZED_AUTOS = YES_AGGRESSIVE;
				GCC_WARN_UNUSED_FUNCTION = YES;
				GCC_WARN_UNUSED_VARIABLE = YES;
				MTL_ENABLE_DEBUG_INFO = INCLUDE_SOURCE;
				MTL_FAST_MATH = YES;
				ONLY_ACTIVE_ARCH = YES;
				SWIFT_ACTIVE_COMPILATION_CONDITIONS = DEBUG;
				SWIFT_OPTIMIZATION_LEVEL = "-Onone";
			};
			name = Debug;
		};
		A2DB9A0529C73E80007215BB /* Release */ = {
			isa = XCBuildConfiguration;
			buildSettings = {
				ALWAYS_SEARCH_USER_PATHS = NO;
				CLANG_ANALYZER_NONNULL = YES;
				CLANG_ANALYZER_NUMBER_OBJECT_CONVERSION = YES_AGGRESSIVE;
				CLANG_CXX_LANGUAGE_STANDARD = "gnu++20";
				CLANG_ENABLE_MODULES = YES;
				CLANG_ENABLE_OBJC_ARC = YES;
				CLANG_ENABLE_OBJC_WEAK = YES;
				CLANG_WARN_BLOCK_CAPTURE_AUTORELEASING = YES;
				CLANG_WARN_BOOL_CONVERSION = YES;
				CLANG_WARN_COMMA = YES;
				CLANG_WARN_CONSTANT_CONVERSION = YES;
				CLANG_WARN_DEPRECATED_OBJC_IMPLEMENTATIONS = YES;
				CLANG_WARN_DIRECT_OBJC_ISA_USAGE = YES_ERROR;
				CLANG_WARN_DOCUMENTATION_COMMENTS = YES;
				CLANG_WARN_EMPTY_BODY = YES;
				CLANG_WARN_ENUM_CONVERSION = YES;
				CLANG_WARN_INFINITE_RECURSION = YES;
				CLANG_WARN_INT_CONVERSION = YES;
				CLANG_WARN_NON_LITERAL_NULL_CONVERSION = YES;
				CLANG_WARN_OBJC_IMPLICIT_RETAIN_SELF = YES;
				CLANG_WARN_OBJC_LITERAL_CONVERSION = YES;
				CLANG_WARN_OBJC_ROOT_CLASS = YES_ERROR;
				CLANG_WARN_QUOTED_INCLUDE_IN_FRAMEWORK_HEADER = YES;
				CLANG_WARN_RANGE_LOOP_ANALYSIS = YES;
				CLANG_WARN_STRICT_PROTOTYPES = YES;
				CLANG_WARN_SUSPICIOUS_MOVE = YES;
				CLANG_WARN_UNGUARDED_AVAILABILITY = YES_AGGRESSIVE;
				CLANG_WARN_UNREACHABLE_CODE = YES;
				CLANG_WARN__DUPLICATE_METHOD_MATCH = YES;
				COPY_PHASE_STRIP = NO;
				DEBUG_INFORMATION_FORMAT = "dwarf-with-dsym";
				ENABLE_NS_ASSERTIONS = NO;
				ENABLE_STRICT_OBJC_MSGSEND = YES;
				GCC_C_LANGUAGE_STANDARD = gnu11;
				GCC_NO_COMMON_BLOCKS = YES;
				GCC_WARN_64_TO_32_BIT_CONVERSION = YES;
				GCC_WARN_ABOUT_RETURN_TYPE = YES_ERROR;
				GCC_WARN_UNDECLARED_SELECTOR = YES;
				GCC_WARN_UNINITIALIZED_AUTOS = YES_AGGRESSIVE;
				GCC_WARN_UNUSED_FUNCTION = YES;
				GCC_WARN_UNUSED_VARIABLE = YES;
				MTL_ENABLE_DEBUG_INFO = NO;
				MTL_FAST_MATH = YES;
				SWIFT_COMPILATION_MODE = wholemodule;
				SWIFT_OPTIMIZATION_LEVEL = "-O";
			};
			name = Release;
		};
		A2DB9A0729C73E80007215BB /* Debug */ = {
			isa = XCBuildConfiguration;
			buildSettings = {
				ASSETCATALOG_COMPILER_APPICON_NAME = AppIcon;
				ASSETCATALOG_COMPILER_GLOBAL_ACCENT_COLOR_NAME = AccentColor;
				CODE_SIGN_ENTITLEMENTS = KeyValueStore/KeyValueStore.entitlements;
				CODE_SIGN_STYLE = Automatic;
				CURRENT_PROJECT_VERSION = 1;
				DEVELOPMENT_ASSET_PATHS = "\"KeyValueStore/Preview Content\"";
				ENABLE_PREVIEWS = YES;
				GENERATE_INFOPLIST_FILE = YES;
				"INFOPLIST_KEY_UIApplicationSceneManifest_Generation[sdk=iphoneos*]" = YES;
				"INFOPLIST_KEY_UIApplicationSceneManifest_Generation[sdk=iphonesimulator*]" = YES;
				"INFOPLIST_KEY_UIApplicationSupportsIndirectInputEvents[sdk=iphoneos*]" = YES;
				"INFOPLIST_KEY_UIApplicationSupportsIndirectInputEvents[sdk=iphonesimulator*]" = YES;
				"INFOPLIST_KEY_UILaunchScreen_Generation[sdk=iphoneos*]" = YES;
				"INFOPLIST_KEY_UILaunchScreen_Generation[sdk=iphonesimulator*]" = YES;
				"INFOPLIST_KEY_UIStatusBarStyle[sdk=iphoneos*]" = UIStatusBarStyleDefault;
				"INFOPLIST_KEY_UIStatusBarStyle[sdk=iphonesimulator*]" = UIStatusBarStyleDefault;
				INFOPLIST_KEY_UISupportedInterfaceOrientations_iPad = "UIInterfaceOrientationPortrait UIInterfaceOrientationPortraitUpsideDown UIInterfaceOrientationLandscapeLeft UIInterfaceOrientationLandscapeRight";
				INFOPLIST_KEY_UISupportedInterfaceOrientations_iPhone = "UIInterfaceOrientationPortrait UIInterfaceOrientationLandscapeLeft UIInterfaceOrientationLandscapeRight";
				IPHONEOS_DEPLOYMENT_TARGET = 16.2;
				LD_RUNPATH_SEARCH_PATHS = "@executable_path/Frameworks";
				"LD_RUNPATH_SEARCH_PATHS[sdk=macosx*]" = "@executable_path/../Frameworks";
				MACOSX_DEPLOYMENT_TARGET = 13.1;
				MARKETING_VERSION = 1.0;
				PRODUCT_BUNDLE_IDENTIFIER = negarTolou.KeyValueStore;
				PRODUCT_NAME = "$(TARGET_NAME)";
				SDKROOT = auto;
				SUPPORTED_PLATFORMS = "iphoneos iphonesimulator macosx";
				SWIFT_EMIT_LOC_STRINGS = YES;
				SWIFT_VERSION = 5.0;
				TARGETED_DEVICE_FAMILY = "1,2";
			};
			name = Debug;
		};
		A2DB9A0829C73E80007215BB /* Release */ = {
			isa = XCBuildConfiguration;
			buildSettings = {
				ASSETCATALOG_COMPILER_APPICON_NAME = AppIcon;
				ASSETCATALOG_COMPILER_GLOBAL_ACCENT_COLOR_NAME = AccentColor;
				CODE_SIGN_ENTITLEMENTS = KeyValueStore/KeyValueStore.entitlements;
				CODE_SIGN_STYLE = Automatic;
				CURRENT_PROJECT_VERSION = 1;
				DEVELOPMENT_ASSET_PATHS = "\"KeyValueStore/Preview Content\"";
				ENABLE_PREVIEWS = YES;
				GENERATE_INFOPLIST_FILE = YES;
				"INFOPLIST_KEY_UIApplicationSceneManifest_Generation[sdk=iphoneos*]" = YES;
				"INFOPLIST_KEY_UIApplicationSceneManifest_Generation[sdk=iphonesimulator*]" = YES;
				"INFOPLIST_KEY_UIApplicationSupportsIndirectInputEvents[sdk=iphoneos*]" = YES;
				"INFOPLIST_KEY_UIApplicationSupportsIndirectInputEvents[sdk=iphonesimulator*]" = YES;
				"INFOPLIST_KEY_UILaunchScreen_Generation[sdk=iphoneos*]" = YES;
				"INFOPLIST_KEY_UILaunchScreen_Generation[sdk=iphonesimulator*]" = YES;
				"INFOPLIST_KEY_UIStatusBarStyle[sdk=iphoneos*]" = UIStatusBarStyleDefault;
				"INFOPLIST_KEY_UIStatusBarStyle[sdk=iphonesimulator*]" = UIStatusBarStyleDefault;
				INFOPLIST_KEY_UISupportedInterfaceOrientations_iPad = "UIInterfaceOrientationPortrait UIInterfaceOrientationPortraitUpsideDown UIInterfaceOrientationLandscapeLeft UIInterfaceOrientationLandscapeRight";
				INFOPLIST_KEY_UISupportedInterfaceOrientations_iPhone = "UIInterfaceOrientationPortrait UIInterfaceOrientationLandscapeLeft UIInterfaceOrientationLandscapeRight";
				IPHONEOS_DEPLOYMENT_TARGET = 16.2;
				LD_RUNPATH_SEARCH_PATHS = "@executable_path/Frameworks";
				"LD_RUNPATH_SEARCH_PATHS[sdk=macosx*]" = "@executable_path/../Frameworks";
				MACOSX_DEPLOYMENT_TARGET = 13.1;
				MARKETING_VERSION = 1.0;
				PRODUCT_BUNDLE_IDENTIFIER = negarTolou.KeyValueStore;
				PRODUCT_NAME = "$(TARGET_NAME)";
				SDKROOT = auto;
				SUPPORTED_PLATFORMS = "iphoneos iphonesimulator macosx";
				SWIFT_EMIT_LOC_STRINGS = YES;
				SWIFT_VERSION = 5.0;
				TARGETED_DEVICE_FAMILY = "1,2";
			};
			name = Release;
		};
		A2DB9A0A29C73E80007215BB /* Debug */ = {
			isa = XCBuildConfiguration;
			buildSettings = {
				ALWAYS_EMBED_SWIFT_STANDARD_LIBRARIES = YES;
				BUNDLE_LOADER = "$(TEST_HOST)";
				CODE_SIGN_STYLE = Automatic;
				CURRENT_PROJECT_VERSION = 1;
				GENERATE_INFOPLIST_FILE = YES;
				IPHONEOS_DEPLOYMENT_TARGET = 16.2;
				MACOSX_DEPLOYMENT_TARGET = 13.1;
				MARKETING_VERSION = 1.0;
				PRODUCT_BUNDLE_IDENTIFIER = negarTolou.KeyValueStoreTests;
				PRODUCT_NAME = "$(TARGET_NAME)";
				SDKROOT = auto;
				SUPPORTED_PLATFORMS = "iphoneos iphonesimulator macosx";
				SWIFT_EMIT_LOC_STRINGS = NO;
				SWIFT_VERSION = 5.0;
				TARGETED_DEVICE_FAMILY = "1,2";
				TEST_HOST = "$(BUILT_PRODUCTS_DIR)/KeyValueStore.app/$(BUNDLE_EXECUTABLE_FOLDER_PATH)/KeyValueStore";
			};
			name = Debug;
		};
		A2DB9A0B29C73E80007215BB /* Release */ = {
			isa = XCBuildConfiguration;
			buildSettings = {
				ALWAYS_EMBED_SWIFT_STANDARD_LIBRARIES = YES;
				BUNDLE_LOADER = "$(TEST_HOST)";
				CODE_SIGN_STYLE = Automatic;
				CURRENT_PROJECT_VERSION = 1;
				GENERATE_INFOPLIST_FILE = YES;
				IPHONEOS_DEPLOYMENT_TARGET = 16.2;
				MACOSX_DEPLOYMENT_TARGET = 13.1;
				MARKETING_VERSION = 1.0;
				PRODUCT_BUNDLE_IDENTIFIER = negarTolou.KeyValueStoreTests;
				PRODUCT_NAME = "$(TARGET_NAME)";
				SDKROOT = auto;
				SUPPORTED_PLATFORMS = "iphoneos iphonesimulator macosx";
				SWIFT_EMIT_LOC_STRINGS = NO;
				SWIFT_VERSION = 5.0;
				TARGETED_DEVICE_FAMILY = "1,2";
				TEST_HOST = "$(BUILT_PRODUCTS_DIR)/KeyValueStore.app/$(BUNDLE_EXECUTABLE_FOLDER_PATH)/KeyValueStore";
			};
			name = Release;
		};
		A2DB9A0D29C73E80007215BB /* Debug */ = {
			isa = XCBuildConfiguration;
			buildSettings = {
				ALWAYS_EMBED_SWIFT_STANDARD_LIBRARIES = YES;
				CODE_SIGN_STYLE = Automatic;
				CURRENT_PROJECT_VERSION = 1;
				GENERATE_INFOPLIST_FILE = YES;
				IPHONEOS_DEPLOYMENT_TARGET = 16.2;
				MACOSX_DEPLOYMENT_TARGET = 13.1;
				MARKETING_VERSION = 1.0;
				PRODUCT_BUNDLE_IDENTIFIER = negarTolou.KeyValueStoreUITests;
				PRODUCT_NAME = "$(TARGET_NAME)";
				SDKROOT = auto;
				SUPPORTED_PLATFORMS = "iphoneos iphonesimulator macosx";
				SWIFT_EMIT_LOC_STRINGS = NO;
				SWIFT_VERSION = 5.0;
				TARGETED_DEVICE_FAMILY = "1,2";
				TEST_TARGET_NAME = KeyValueStore;
			};
			name = Debug;
		};
		A2DB9A0E29C73E80007215BB /* Release */ = {
			isa = XCBuildConfiguration;
			buildSettings = {
				ALWAYS_EMBED_SWIFT_STANDARD_LIBRARIES = YES;
				CODE_SIGN_STYLE = Automatic;
				CURRENT_PROJECT_VERSION = 1;
				GENERATE_INFOPLIST_FILE = YES;
				IPHONEOS_DEPLOYMENT_TARGET = 16.2;
				MACOSX_DEPLOYMENT_TARGET = 13.1;
				MARKETING_VERSION = 1.0;
				PRODUCT_BUNDLE_IDENTIFIER = negarTolou.KeyValueStoreUITests;
				PRODUCT_NAME = "$(TARGET_NAME)";
				SDKROOT = auto;
				SUPPORTED_PLATFORMS = "iphoneos iphonesimulator macosx";
				SWIFT_EMIT_LOC_STRINGS = NO;
				SWIFT_VERSION = 5.0;
				TARGETED_DEVICE_FAMILY = "1,2";
				TEST_TARGET_NAME = KeyValueStore;
			};
			name = Release;
		};
/* End XCBuildConfiguration section */

/* Begin XCConfigurationList section */
		A2DB99DC29C73E7E007215BB /* Build configuration list for PBXProject "KeyValueStore" */ = {
			isa = XCConfigurationList;
			buildConfigurations = (
				A2DB9A0429C73E80007215BB /* Debug */,
				A2DB9A0529C73E80007215BB /* Release */,
			);
			defaultConfigurationIsVisible = 0;
			defaultConfigurationName = Release;
		};
		A2DB9A0629C73E80007215BB /* Build configuration list for PBXNativeTarget "KeyValueStore" */ = {
			isa = XCConfigurationList;
			buildConfigurations = (
				A2DB9A0729C73E80007215BB /* Debug */,
				A2DB9A0829C73E80007215BB /* Release */,
			);
			defaultConfigurationIsVisible = 0;
			defaultConfigurationName = Release;
		};
		A2DB9A0929C73E80007215BB /* Build configuration list for PBXNativeTarget "KeyValueStoreTests" */ = {
			isa = XCConfigurationList;
			buildConfigurations = (
				A2DB9A0A29C73E80007215BB /* Debug */,
				A2DB9A0B29C73E80007215BB /* Release */,
			);
			defaultConfigurationIsVisible = 0;
			defaultConfigurationName = Release;
		};
		A2DB9A0C29C73E80007215BB /* Build configuration list for PBXNativeTarget "KeyValueStoreUITests" */ = {
			isa = XCConfigurationList;
			buildConfigurations = (
				A2DB9A0D29C73E80007215BB /* Debug */,
				A2DB9A0E29C73E80007215BB /* Release */,
			);
			defaultConfigurationIsVisible = 0;
			defaultConfigurationName = Release;
		};
/* End XCConfigurationList section */
	};
	rootObject = A2DB99D929C73E7E007215BB /* Project object */;
}
